// !$*UTF8*$!
{
	archiveVersion = 1;
	classes = {
	};
	objectVersion = 46;
	objects = {

/* Begin PBXBuildFile section */
		B0BAB5621B8207220038ACB3 /* main.m in Sources */ = {isa = PBXBuildFile; fileRef = B0BAB5611B8207220038ACB3 /* main.m */; };
		B0BAB5651B8207220038ACB3 /* AppDelegate.m in Sources */ = {isa = PBXBuildFile; fileRef = B0BAB5641B8207220038ACB3 /* AppDelegate.m */; };
		B0BAB5681B8207220038ACB3 /* ViewController.m in Sources */ = {isa = PBXBuildFile; fileRef = B0BAB5671B8207220038ACB3 /* ViewController.m */; };
		B0BAB56B1B8207220038ACB3 /* Main.storyboard in Resources */ = {isa = PBXBuildFile; fileRef = B0BAB5691B8207220038ACB3 /* Main.storyboard */; };
		B0BAB56D1B8207220038ACB3 /* Images.xcassets in Resources */ = {isa = PBXBuildFile; fileRef = B0BAB56C1B8207220038ACB3 /* Images.xcassets */; };
		B0BAB5701B8207220038ACB3 /* LaunchScreen.xib in Resources */ = {isa = PBXBuildFile; fileRef = B0BAB56E1B8207220038ACB3 /* LaunchScreen.xib */; };
		B0BAB57C1B8207220038ACB3 /* FindFaceEyesTests.m in Sources */ = {isa = PBXBuildFile; fileRef = B0BAB57B1B8207220038ACB3 /* FindFaceEyesTests.m */; };
/* End PBXBuildFile section */

/* Begin PBXContainerItemProxy section */
		B0BAB5761B8207220038ACB3 /* PBXContainerItemProxy */ = {
			isa = PBXContainerItemProxy;
			containerPortal = B0BAB5541B8207220038ACB3 /* Project object */;
			proxyType = 1;
			remoteGlobalIDString = B0BAB55B1B8207220038ACB3;
			remoteInfo = FindFaceEyes;
		};
/* End PBXContainerItemProxy section */

/* Begin PBXFileReference section */
		B0BAB55C1B8207220038ACB3 /* FindFaceEyes.app */ = {isa = PBXFileReference; explicitFileType = wrapper.application; includeInIndex = 0; path = FindFaceEyes.app; sourceTree = BUILT_PRODUCTS_DIR; };
		B0BAB5601B8207220038ACB3 /* Info.plist */ = {isa = PBXFileReference; lastKnownFileType = text.plist.xml; path = Info.plist; sourceTree = "<group>"; };
		B0BAB5611B8207220038ACB3 /* main.m */ = {isa = PBXFileReference; lastKnownFileType = sourcecode.c.objc; path = main.m; sourceTree = "<group>"; };
		B0BAB5631B8207220038ACB3 /* AppDelegate.h */ = {isa = PBXFileReference; lastKnownFileType = sourcecode.c.h; path = AppDelegate.h; sourceTree = "<group>"; };
		B0BAB5641B8207220038ACB3 /* AppDelegate.m */ = {isa = PBXFileReference; lastKnownFileType = sourcecode.c.objc; path = AppDelegate.m; sourceTree = "<group>"; };
		B0BAB5661B8207220038ACB3 /* ViewController.h */ = {isa = PBXFileReference; lastKnownFileType = sourcecode.c.h; path = ViewController.h; sourceTree = "<group>"; };
		B0BAB5671B8207220038ACB3 /* ViewController.m */ = {isa = PBXFileReference; lastKnownFileType = sourcecode.c.objc; path = ViewController.m; sourceTree = "<group>"; };
		B0BAB56A1B8207220038ACB3 /* Base */ = {isa = PBXFileReference; lastKnownFileType = file.storyboard; name = Base; path = Base.lproj/Main.storyboard; sourceTree = "<group>"; };
		B0BAB56C1B8207220038ACB3 /* Images.xcassets */ = {isa = PBXFileReference; lastKnownFileType = folder.assetcatalog; path = Images.xcassets; sourceTree = "<group>"; };
		B0BAB56F1B8207220038ACB3 /* Base */ = {isa = PBXFileReference; lastKnownFileType = file.xib; name = Base; path = Base.lproj/LaunchScreen.xib; sourceTree = "<group>"; };
		B0BAB5751B8207220038ACB3 /* FindFaceEyesTests.xctest */ = {isa = PBXFileReference; explicitFileType = wrapper.cfbundle; includeInIndex = 0; path = FindFaceEyesTests.xctest; sourceTree = BUILT_PRODUCTS_DIR; };
		B0BAB57A1B8207220038ACB3 /* Info.plist */ = {isa = PBXFileReference; lastKnownFileType = text.plist.xml; path = Info.plist; sourceTree = "<group>"; };
		B0BAB57B1B8207220038ACB3 /* FindFaceEyesTests.m */ = {isa = PBXFileReference; lastKnownFileType = sourcecode.c.objc; path = FindFaceEyesTests.m; sourceTree = "<group>"; };
/* End PBXFileReference section */

/* Begin PBXFrameworksBuildPhase section */
		B0BAB5591B8207220038ACB3 /* Frameworks */ = {
			isa = PBXFrameworksBuildPhase;
			buildActionMask = 2147483647;
			files = (
			);
			runOnlyForDeploymentPostprocessing = 0;
		};
		B0BAB5721B8207220038ACB3 /* Frameworks */ = {
			isa = PBXFrameworksBuildPhase;
			buildActionMask = 2147483647;
			files = (
			);
			runOnlyForDeploymentPostprocessing = 0;
		};
/* End PBXFrameworksBuildPhase section */

/* Begin PBXGroup section */
		B0BAB5531B8207220038ACB3 = {
			isa = PBXGroup;
			children = (
				B0BAB55E1B8207220038ACB3 /* FindFaceEyes */,
				B0BAB5781B8207220038ACB3 /* FindFaceEyesTests */,
				B0BAB55D1B8207220038ACB3 /* Products */,
			);
			sourceTree = "<group>";
		};
		B0BAB55D1B8207220038ACB3 /* Products */ = {
			isa = PBXGroup;
			children = (
				B0BAB55C1B8207220038ACB3 /* FindFaceEyes.app */,
				B0BAB5751B8207220038ACB3 /* FindFaceEyesTests.xctest */,
			);
			name = Products;
			sourceTree = "<group>";
		};
		B0BAB55E1B8207220038ACB3 /* FindFaceEyes */ = {
			isa = PBXGroup;
			children = (
				B0BAB5631B8207220038ACB3 /* AppDelegate.h */,
				B0BAB5641B8207220038ACB3 /* AppDelegate.m */,
				B0BAB5661B8207220038ACB3 /* ViewController.h */,
				B0BAB5671B8207220038ACB3 /* ViewController.m */,
				B0BAB5691B8207220038ACB3 /* Main.storyboard */,
				B0BAB56C1B8207220038ACB3 /* Images.xcassets */,
				B0BAB56E1B8207220038ACB3 /* LaunchScreen.xib */,
				B0BAB55F1B8207220038ACB3 /* Supporting Files */,
			);
			path = FindFaceEyes;
			sourceTree = "<group>";
		};
		B0BAB55F1B8207220038ACB3 /* Supporting Files */ = {
			isa = PBXGroup;
			children = (
				B0BAB5601B8207220038ACB3 /* Info.plist */,
				B0BAB5611B8207220038ACB3 /* main.m */,
			);
			name = "Supporting Files";
			sourceTree = "<group>";
		};
		B0BAB5781B8207220038ACB3 /* FindFaceEyesTests */ = {
			isa = PBXGroup;
			children = (
				B0BAB57B1B8207220038ACB3 /* FindFaceEyesTests.m */,
				B0BAB5791B8207220038ACB3 /* Supporting Files */,
			);
			path = FindFaceEyesTests;
			sourceTree = "<group>";
		};
		B0BAB5791B8207220038ACB3 /* Supporting Files */ = {
			isa = PBXGroup;
			children = (
				B0BAB57A1B8207220038ACB3 /* Info.plist */,
			);
			name = "Supporting Files";
			sourceTree = "<group>";
		};
/* End PBXGroup section */

/* Begin PBXNativeTarget section */
		B0BAB55B1B8207220038ACB3 /* FindFaceEyes */ = {
			isa = PBXNativeTarget;
			buildConfigurationList = B0BAB57F1B8207220038ACB3 /* Build configuration list for PBXNativeTarget "FindFaceEyes" */;
			buildPhases = (
				B0BAB5581B8207220038ACB3 /* Sources */,
				B0BAB5591B8207220038ACB3 /* Frameworks */,
				B0BAB55A1B8207220038ACB3 /* Resources */,
			);
			buildRules = (
			);
			dependencies = (
			);
			name = FindFaceEyes;
			productName = FindFaceEyes;
			productReference = B0BAB55C1B8207220038ACB3 /* FindFaceEyes.app */;
			productType = "com.apple.product-type.application";
		};
		B0BAB5741B8207220038ACB3 /* FindFaceEyesTests */ = {
			isa = PBXNativeTarget;
			buildConfigurationList = B0BAB5821B8207220038ACB3 /* Build configuration list for PBXNativeTarget "FindFaceEyesTests" */;
			buildPhases = (
				B0BAB5711B8207220038ACB3 /* Sources */,
				B0BAB5721B8207220038ACB3 /* Frameworks */,
				B0BAB5731B8207220038ACB3 /* Resources */,
			);
			buildRules = (
			);
			dependencies = (
				B0BAB5771B8207220038ACB3 /* PBXTargetDependency */,
			);
			name = FindFaceEyesTests;
			productName = FindFaceEyesTests;
			productReference = B0BAB5751B8207220038ACB3 /* FindFaceEyesTests.xctest */;
			productType = "com.apple.product-type.bundle.unit-test";
		};
/* End PBXNativeTarget section */

/* Begin PBXProject section */
		B0BAB5541B8207220038ACB3 /* Project object */ = {
			isa = PBXProject;
			attributes = {
				LastUpgradeCheck = 0640;
				ORGANIZATIONNAME = "chksong company";
				TargetAttributes = {
					B0BAB55B1B8207220038ACB3 = {
						CreatedOnToolsVersion = 6.4;
					};
					B0BAB5741B8207220038ACB3 = {
						CreatedOnToolsVersion = 6.4;
						TestTargetID = B0BAB55B1B8207220038ACB3;
					};
				};
			};
			buildConfigurationList = B0BAB5571B8207220038ACB3 /* Build configuration list for PBXProject "FindFaceEyes" */;
			compatibilityVersion = "Xcode 3.2";
			developmentRegion = English;
			hasScannedForEncodings = 0;
			knownRegions = (
				en,
				Base,
			);
			mainGroup = B0BAB5531B8207220038ACB3;
			productRefGroup = B0BAB55D1B8207220038ACB3 /* Products */;
			projectDirPath = "";
			projectRoot = "";
			targets = (
				B0BAB55B1B8207220038ACB3 /* FindFaceEyes */,
				B0BAB5741B8207220038ACB3 /* FindFaceEyesTests */,
			);
		};
/* End PBXProject section */

/* Begin PBXResourcesBuildPhase section */
		B0BAB55A1B8207220038ACB3 /* Resources */ = {
			isa = PBXResourcesBuildPhase;
			buildActionMask = 2147483647;
			files = (
				B0BAB56B1B8207220038ACB3 /* Main.storyboard in Resources */,
				B0BAB5701B8207220038ACB3 /* LaunchScreen.xib in Resources */,
				B0BAB56D1B8207220038ACB3 /* Images.xcassets in Resources */,
			);
			runOnlyForDeploymentPostprocessing = 0;
		};
		B0BAB5731B8207220038ACB3 /* Resources */ = {
			isa = PBXResourcesBuildPhase;
			buildActionMask = 2147483647;
			files = (
			);
			runOnlyForDeploymentPostprocessing = 0;
		};
/* End PBXResourcesBuildPhase section */

/* Begin PBXSourcesBuildPhase section */
		B0BAB5581B8207220038ACB3 /* Sources */ = {
			isa = PBXSourcesBuildPhase;
			buildActionMask = 2147483647;
			files = (
				B0BAB5681B8207220038ACB3 /* ViewController.m in Sources */,
				B0BAB5651B8207220038ACB3 /* AppDelegate.m in Sources */,
				B0BAB5621B8207220038ACB3 /* main.m in Sources */,
			);
			runOnlyForDeploymentPostprocessing = 0;
		};
		B0BAB5711B8207220038ACB3 /* Sources */ = {
			isa = PBXSourcesBuildPhase;
			buildActionMask = 2147483647;
			files = (
				B0BAB57C1B8207220038ACB3 /* FindFaceEyesTests.m in Sources */,
			);
			runOnlyForDeploymentPostprocessing = 0;
		};
/* End PBXSourcesBuildPhase section */

/* Begin PBXTargetDependency section */
		B0BAB5771B8207220038ACB3 /* PBXTargetDependency */ = {
			isa = PBXTargetDependency;
			target = B0BAB55B1B8207220038ACB3 /* FindFaceEyes */;
			targetProxy = B0BAB5761B8207220038ACB3 /* PBXContainerItemProxy */;
		};
/* End PBXTargetDependency section */

/* Begin PBXVariantGroup section */
		B0BAB5691B8207220038ACB3 /* Main.storyboard */ = {
			isa = PBXVariantGroup;
			children = (
				B0BAB56A1B8207220038ACB3 /* Base */,
			);
			name = Main.storyboard;
			sourceTree = "<group>";
		};
		B0BAB56E1B8207220038ACB3 /* LaunchScreen.xib */ = {
			isa = PBXVariantGroup;
			children = (
				B0BAB56F1B8207220038ACB3 /* Base */,
			);
			name = LaunchScreen.xib;
			sourceTree = "<group>";
		};
/* End PBXVariantGroup section */

/* Begin XCBuildConfiguration section */
		B0BAB57D1B8207220038ACB3 /* Debug */ = {
			isa = XCBuildConfiguration;
			buildSettings = {
				ALWAYS_SEARCH_USER_PATHS = NO;
				CLANG_CXX_LANGUAGE_STANDARD = "gnu++0x";
				CLANG_CXX_LIBRARY = "libc++";
				CLANG_ENABLE_MODULES = YES;
				CLANG_ENABLE_OBJC_ARC = YES;
				CLANG_WARN_BOOL_CONVERSION = YES;
				CLANG_WARN_CONSTANT_CONVERSION = YES;
				CLANG_WARN_DIRECT_OBJC_ISA_USAGE = YES_ERROR;
				CLANG_WARN_EMPTY_BODY = YES;
				CLANG_WARN_ENUM_CONVERSION = YES;
				CLANG_WARN_INT_CONVERSION = YES;
				CLANG_WARN_OBJC_ROOT_CLASS = YES_ERROR;
				CLANG_WARN_UNREACHABLE_CODE = YES;
				CLANG_WARN__DUPLICATE_METHOD_MATCH = YES;
				"CODE_SIGN_IDENTITY[sdk=iphoneos*]" = "iPhone Developer";
				COPY_PHASE_STRIP = NO;
				DEBUG_INFORMATION_FORMAT = "dwarf-with-dsym";
				ENABLE_STRICT_OBJC_MSGSEND = YES;
				GCC_C_LANGUAGE_STANDARD = gnu99;
				GCC_DYNAMIC_NO_PIC = NO;
				GCC_NO_COMMON_BLOCKS = YES;
				GCC_OPTIMIZATION_LEVEL = 0;
				GCC_PREPROCESSOR_DEFINITIONS = (
					"DEBUG=1",
					"$(inherited)",
				);
				GCC_SYMBOLS_PRIVATE_EXTERN = NO;
				GCC_WARN_64_TO_32_BIT_CONVERSION = YES;
				GCC_WARN_ABOUT_RETURN_TYPE = YES_ERROR;
				GCC_WARN_UNDECLARED_SELECTOR = YES;
				GCC_WARN_UNINITIALIZED_AUTOS = YES_AGGRESSIVE;
				GCC_WARN_UNUSED_FUNCTION = YES;
				GCC_WARN_UNUSED_VARIABLE = YES;
				IPHONEOS_DEPLOYMENT_TARGET = 8.4;
				MTL_ENABLE_DEBUG_INFO = YES;
				ONLY_ACTIVE_ARCH = YES;
				SDKROOT = iphoneos;
			};
			name = Debug;
		};
		B0BAB57E1B8207220038ACB3 /* Release */ = {
			isa = XCBuildConfiguration;
			buildSettings = {
				ALWAYS_SEARCH_USER_PATHS = NO;
				CLANG_CXX_LANGUAGE_STANDARD = "gnu++0x";
				CLANG_CXX_LIBRARY = "libc++";
				CLANG_ENABLE_MODULES = YES;
				CLANG_ENABLE_OBJC_ARC = YES;
				CLANG_WARN_BOOL_CONVERSION = YES;
				CLANG_WARN_CONSTANT_CONVERSION = YES;
				CLANG_WARN_DIRECT_OBJC_ISA_USAGE = YES_ERROR;
				CLANG_WARN_EMPTY_BODY = YES;
				CLANG_WARN_ENUM_CONVERSION = YES;
				CLANG_WARN_INT_CONVERSION = YES;
				CLANG_WARN_OBJC_ROOT_CLASS = YES_ERROR;
				CLANG_WARN_UNREACHABLE_CODE = YES;
				CLANG_WARN__DUPLICATE_METHOD_MATCH = YES;
				"CODE_SIGN_IDENTITY[sdk=iphoneos*]" = "iPhone Developer";
				COPY_PHASE_STRIP = NO;
				DEBUG_INFORMATION_FORMAT = "dwarf-with-dsym";
				ENABLE_NS_ASSERTIONS = NO;
				ENABLE_STRICT_OBJC_MSGSEND = YES;
				GCC_C_LANGUAGE_STANDARD = gnu99;
				GCC_NO_COMMON_BLOCKS = YES;
				GCC_WARN_64_TO_32_BIT_CONVERSION = YES;
				GCC_WARN_ABOUT_RETURN_TYPE = YES_ERROR;
				GCC_WARN_UNDECLARED_SELECTOR = YES;
				GCC_WARN_UNINITIALIZED_AUTOS = YES_AGGRESSIVE;
				GCC_WARN_UNUSED_FUNCTION = YES;
				GCC_WARN_UNUSED_VARIABLE = YES;
				IPHONEOS_DEPLOYMENT_TARGET = 8.4;
				MTL_ENABLE_DEBUG_INFO = NO;
				SDKROOT = iphoneos;
				VALIDATE_PRODUCT = YES;
			};
			name = Release;
		};
		B0BAB5801B8207220038ACB3 /* Debug */ = {
			isa = XCBuildConfiguration;
			buildSettings = {
				ASSETCATALOG_COMPILER_APPICON_NAME = AppIcon;
				INFOPLIST_FILE = FindFaceEyes/Info.plist;
				LD_RUNPATH_SEARCH_PATHS = "$(inherited) @executable_path/Frameworks";
				PRODUCT_NAME = "$(TARGET_NAME)";
			};
			name = Debug;
		};
		B0BAB5811B8207220038ACB3 /* Release */ = {
			isa = XCBuildConfiguration;
			buildSettings = {
				ASSETCATALOG_COMPILER_APPICON_NAME = AppIcon;
				INFOPLIST_FILE = FindFaceEyes/Info.plist;
				LD_RUNPATH_SEARCH_PATHS = "$(inherited) @executable_path/Frameworks";
				PRODUCT_NAME = "$(TARGET_NAME)";
			};
			name = Release;
		};
		B0BAB5831B8207220038ACB3 /* Debug */ = {
			isa = XCBuildConfiguration;
			buildSettings = {
				BUNDLE_LOADER = "$(TEST_HOST)";
				FRAMEWORK_SEARCH_PATHS = (
					"$(SDKROOT)/Developer/Library/Frameworks",
					"$(inherited)",
				);
				GCC_PREPROCESSOR_DEFINITIONS = (
					"DEBUG=1",
					"$(inherited)",
				);
				INFOPLIST_FILE = FindFaceEyesTests/Info.plist;
				LD_RUNPATH_SEARCH_PATHS = "$(inherited) @executable_path/Frameworks @loader_path/Frameworks";
				PRODUCT_NAME = "$(TARGET_NAME)";
				TEST_HOST = "$(BUILT_PRODUCTS_DIR)/FindFaceEyes.app/FindFaceEyes";
			};
			name = Debug;
		};
		B0BAB5841B8207220038ACB3 /* Release */ = {
			isa = XCBuildConfiguration;
			buildSettings = {
				BUNDLE_LOADER = "$(TEST_HOST)";
				FRAMEWORK_SEARCH_PATHS = (
					"$(SDKROOT)/Developer/Library/Frameworks",
					"$(inherited)",
				);
				INFOPLIST_FILE = FindFaceEyesTests/Info.plist;
				LD_RUNPATH_SEARCH_PATHS = "$(inherited) @executable_path/Frameworks @loader_path/Frameworks";
				PRODUCT_NAME = "$(TARGET_NAME)";
				TEST_HOST = "$(BUILT_PRODUCTS_DIR)/FindFaceEyes.app/FindFaceEyes";
			};
			name = Release;
		};
/* End XCBuildConfiguration section */

/* Begin XCConfigurationList section */
		B0BAB5571B8207220038ACB3 /* Build configuration list for PBXProject "FindFaceEyes" */ = {
			isa = XCConfigurationList;
			buildConfigurations = (
				B0BAB57D1B8207220038ACB3 /* Debug */,
				B0BAB57E1B8207220038ACB3 /* Release */,
			);
			defaultConfigurationIsVisible = 0;
			defaultConfigurationName = Release;
		};
		B0BAB57F1B8207220038ACB3 /* Build configuration list for PBXNativeTarget "FindFaceEyes" */ = {
			isa = XCConfigurationList;
			buildConfigurations = (
				B0BAB5801B8207220038ACB3 /* Debug */,
				B0BAB5811B8207220038ACB3 /* Release */,
			);
			defaultConfigurationIsVisible = 0;
		};
		B0BAB5821B8207220038ACB3 /* Build configuration list for PBXNativeTarget "FindFaceEyesTests" */ = {
			isa = XCConfigurationList;
			buildConfigurations = (
				B0BAB5831B8207220038ACB3 /* Debug */,
				B0BAB5841B8207220038ACB3 /* Release */,
			);
			defaultConfigurationIsVisible = 0;
		};
/* End XCConfigurationList section */
	};
	rootObject = B0BAB5541B8207220038ACB3 /* Project object */;
}
